
Microsoft Visual Studio Solution File, Format Version 12.00
# Visual Studio 15
VisualStudioVersion = 15.0.27004.2010
MinimumVisualStudioVersion = 10.0.40219.1
Project("{D954291E-2A0B-460D-934E-DC6B0785DB48}") = "Ao3TrackReader", "Ao3TrackReader\Ao3TrackReader\Ao3TrackReader.shproj", "{3FEBECC8-967D-4A3C-A25A-E653E734E779}"
EndProject
Project("{FAE04EC0-301F-11D3-BF4B-00C04F79EFBC}") = "Ao3TrackReader.Helper.UWP", "Ao3TrackReader\Ao3TrackReader.Helper.UWP\Ao3TrackReader.Helper.UWP.csproj", "{D937E5EB-E65C-4397-80AF-502C439D0470}"
EndProject
Project("{D954291E-2A0B-460D-934E-DC6B0785DB48}") = "Ao3TrackReader.Helper", "Ao3TrackReader\Ao3TrackReader.Helper\Ao3TrackReader.Helper.shproj", "{3EBADC8E-8858-4033-9066-0A14D574CFB3}"
EndProject
Project("{D954291E-2A0B-460D-934E-DC6B0785DB48}") = "Ao3TrackReader.Version", "Ao3TrackReader\Ao3TrackReader.Version\Ao3TrackReader.Version.shproj", "{09DDAED0-C67D-4FB9-9B1F-1AADB8F0C064}"
EndProject
Project("{FAE04EC0-301F-11D3-BF4B-00C04F79EFBC}") = "Ao3TrackReader.Version.Build", "Ao3TrackReader\Ao3TrackReader.Version.Build\Ao3TrackReader.Version.Build.csproj", "{02C7179C-1598-47A9-B351-D71649AB7994}"
EndProject
Project("{D954291E-2A0B-460D-934E-DC6B0785DB48}") = "Ao3TrackReader.WinRT", "Ao3TrackReader\Ao3TrackReader.WinRT\Ao3TrackReader.WinRT.shproj", "{7B291718-EB18-4E7A-B547-1FE74DF1E279}"
EndProject
Project("{D954291E-2A0B-460D-934E-DC6B0785DB48}") = "Ao3TrackReader.UWP.Shared", "Ao3TrackReader\Ao3TrackReader.UWP\Ao3TrackReader.UWP.Shared.shproj", "{151EA4AB-5247-4008-9A4E-DFD2E294000F}"
EndProject
Project("{FAE04EC0-301F-11D3-BF4B-00C04F79EFBC}") = "Ao3TrackReader.UWP.Old", "Ao3TrackReader\Ao3TrackReader.UWP.Old\Ao3TrackReader.UWP.Old.csproj", "{976C2593-9C14-4289-AE54-F2BB2020BA84}"
EndProject
Global
	GlobalSection(SharedMSBuildProjectFiles) = preSolution
		Ao3TrackReader\Ao3TrackReader.Version\Ao3TrackReader.Version.projitems*{02c7179c-1598-47a9-b351-d71649ab7994}*SharedItemsImports = 4
		Ao3TrackReader\Ao3TrackReader.Version\Ao3TrackReader.Version.projitems*{09ddaed0-c67d-4fb9-9b1f-1aadb8f0c064}*SharedItemsImports = 13
		Ao3TrackReader\Ao3TrackReader.UWP\Ao3TrackReader.UWP.Shared.projitems*{151ea4ab-5247-4008-9a4e-dfd2e294000f}*SharedItemsImports = 13
		Ao3TrackReader\Ao3TrackReader.Helper\Ao3TrackReader.Helper.projitems*{3ebadc8e-8858-4033-9066-0a14d574cfb3}*SharedItemsImports = 13
		Ao3TrackReader\Ao3TrackReader\Ao3TrackReader.projitems*{3febecc8-967d-4a3c-a25a-e653e734e779}*SharedItemsImports = 13
		Ao3TrackReader\Ao3TrackReader.WinRT\Ao3TrackReader.WinRT.projitems*{7b291718-eb18-4e7a-b547-1fe74df1e279}*SharedItemsImports = 13
		Ao3TrackReader\Ao3TrackReader.UWP\Ao3TrackReader.UWP.Shared.projitems*{976c2593-9c14-4289-ae54-f2bb2020ba84}*SharedItemsImports = 4
		Ao3TrackReader\Ao3TrackReader.Version\Ao3TrackReader.Version.projitems*{976c2593-9c14-4289-ae54-f2bb2020ba84}*SharedItemsImports = 4
		Ao3TrackReader\Ao3TrackReader.WinRT\Ao3TrackReader.WinRT.projitems*{976c2593-9c14-4289-ae54-f2bb2020ba84}*SharedItemsImports = 4
		Ao3TrackReader\Ao3TrackReader\Ao3TrackReader.projitems*{976c2593-9c14-4289-ae54-f2bb2020ba84}*SharedItemsImports = 4
		Ao3TrackReader\Ao3TrackReader.Helper\Ao3TrackReader.Helper.projitems*{d937e5eb-e65c-4397-80af-502c439d0470}*SharedItemsImports = 4
		Ao3TrackReader\Ao3TrackReader.Version\Ao3TrackReader.Version.projitems*{d937e5eb-e65c-4397-80af-502c439d0470}*SharedItemsImports = 4
	EndGlobalSection
	GlobalSection(SolutionConfigurationPlatforms) = preSolution
		Debug|ARM = Debug|ARM
		Debug|x64 = Debug|x64
		Debug|x86 = Debug|x86
		Release|ARM = Release|ARM
		Release|x64 = Release|x64
		Release|x86 = Release|x86
	EndGlobalSection
	GlobalSection(ProjectConfigurationPlatforms) = postSolution
		{D937E5EB-E65C-4397-80AF-502C439D0470}.Debug|ARM.ActiveCfg = Debug|ARM
		{D937E5EB-E65C-4397-80AF-502C439D0470}.Debug|ARM.Build.0 = Debug|ARM
		{D937E5EB-E65C-4397-80AF-502C439D0470}.Debug|x64.ActiveCfg = Debug|x64
		{D937E5EB-E65C-4397-80AF-502C439D0470}.Debug|x64.Build.0 = Debug|x64
		{D937E5EB-E65C-4397-80AF-502C439D0470}.Debug|x86.ActiveCfg = Debug|x86
		{D937E5EB-E65C-4397-80AF-502C439D0470}.Debug|x86.Build.0 = Debug|x86
		{D937E5EB-E65C-4397-80AF-502C439D0470}.Release|ARM.ActiveCfg = Release|ARM
		{D937E5EB-E65C-4397-80AF-502C439D0470}.Release|ARM.Build.0 = Release|ARM
		{D937E5EB-E65C-4397-80AF-502C439D0470}.Release|x64.ActiveCfg = Release|x64
		{D937E5EB-E65C-4397-80AF-502C439D0470}.Release|x64.Build.0 = Release|x64
		{D937E5EB-E65C-4397-80AF-502C439D0470}.Release|x86.ActiveCfg = Release|x86
		{D937E5EB-E65C-4397-80AF-502C439D0470}.Release|x86.Build.0 = Release|x86
		{02C7179C-1598-47A9-B351-D71649AB7994}.Debug|ARM.ActiveCfg = Debug|Any CPU
		{02C7179C-1598-47A9-B351-D71649AB7994}.Debug|ARM.Build.0 = Debug|Any CPU
		{02C7179C-1598-47A9-B351-D71649AB7994}.Debug|x64.ActiveCfg = Debug|Any CPU
		{02C7179C-1598-47A9-B351-D71649AB7994}.Debug|x64.Build.0 = Debug|Any CPU
		{02C7179C-1598-47A9-B351-D71649AB7994}.Debug|x86.ActiveCfg = Debug|Any CPU
		{02C7179C-1598-47A9-B351-D71649AB7994}.Debug|x86.Build.0 = Debug|Any CPU
		{02C7179C-1598-47A9-B351-D71649AB7994}.Release|ARM.ActiveCfg = Release|Any CPU
		{02C7179C-1598-47A9-B351-D71649AB7994}.Release|ARM.Build.0 = Release|Any CPU
		{02C7179C-1598-47A9-B351-D71649AB7994}.Release|x64.ActiveCfg = Release|Any CPU
		{02C7179C-1598-47A9-B351-D71649AB7994}.Release|x64.Build.0 = Release|Any CPU
		{02C7179C-1598-47A9-B351-D71649AB7994}.Release|x86.ActiveCfg = Release|Any CPU
		{02C7179C-1598-47A9-B351-D71649AB7994}.Release|x86.Build.0 = Release|Any CPU
		{976C2593-9C14-4289-AE54-F2BB2020BA84}.Debug|ARM.ActiveCfg = Debug|ARM
		{976C2593-9C14-4289-AE54-F2BB2020BA84}.Debug|ARM.Build.0 = Debug|ARM
		{976C2593-9C14-4289-AE54-F2BB2020BA84}.Debug|ARM.Deploy.0 = Debug|ARM
		{976C2593-9C14-4289-AE54-F2BB2020BA84}.Debug|x64.ActiveCfg = Debug|x64
		{976C2593-9C14-4289-AE54-F2BB2020BA84}.Debug|x64.Build.0 = Debug|x64
		{976C2593-9C14-4289-AE54-F2BB2020BA84}.Debug|x64.Deploy.0 = Debug|x64
		{976C2593-9C14-4289-AE54-F2BB2020BA84}.Debug|x86.ActiveCfg = Debug|x86
		{976C2593-9C14-4289-AE54-F2BB2020BA84}.Debug|x86.Build.0 = Debug|x86
		{976C2593-9C14-4289-AE54-F2BB2020BA84}.Debug|x86.Deploy.0 = Debug|x86
		{976C2593-9C14-4289-AE54-F2BB2020BA84}.Release|ARM.ActiveCfg = Release|ARM
		{976C2593-9C14-4289-AE54-F2BB2020BA84}.Release|ARM.Build.0 = Release|ARM
		{976C2593-9C14-4289-AE54-F2BB2020BA84}.Release|ARM.Deploy.0 = Release|ARM
		{976C2593-9C14-4289-AE54-F2BB2020BA84}.Release|x64.ActiveCfg = Release|x64
		{976C2593-9C14-4289-AE54-F2BB2020BA84}.Release|x64.Build.0 = Release|x64
		{976C2593-9C14-4289-AE54-F2BB2020BA84}.Release|x64.Deploy.0 = Release|x64
		{976C2593-9C14-4289-AE54-F2BB2020BA84}.Release|x86.ActiveCfg = Release|x86
		{976C2593-9C14-4289-AE54-F2BB2020BA84}.Release|x86.Build.0 = Release|x86
		{976C2593-9C14-4289-AE54-F2BB2020BA84}.Release|x86.Deploy.0 = Release|x86
	EndGlobalSection
	GlobalSection(SolutionProperties) = preSolution
		HideSolutionNode = FALSE
	EndGlobalSection
	GlobalSection(ExtensibilityGlobals) = postSolution
		SolutionGuid = {F37A3C83-0A22-4EA1-B325-D24583CDDB6A}
	EndGlobalSection
EndGlobal
