
Microsoft Visual Studio Solution File, Format Version 12.00
# Visual Studio 15
VisualStudioVersion = 15.0.27004.2010
MinimumVisualStudioVersion = 10.0.40219.1
Project("{FAE04EC0-301F-11D3-BF4B-00C04F79EFBC}") = "Ao3tracksync", "Ao3tracksync\Ao3tracksync.csproj", "{0BD8C8F9-C0E4-4841-8A2B-CA8BC2AA8BC6}"
EndProject
Project("{D954291E-2A0B-460D-934E-DC6B0785DB48}") = "Ao3TrackReader", "Ao3TrackReader\Ao3TrackReader\Ao3TrackReader.shproj", "{3FEBECC8-967D-4A3C-A25A-E653E734E779}"
EndProject
Project("{FAE04EC0-301F-11D3-BF4B-00C04F79EFBC}") = "Ao3TrackReader.iOS", "Ao3TrackReader\Ao3TrackReader.iOS\Ao3TrackReader.iOS.csproj", "{B08A8CC6-DFC7-45C9-BB76-7CAC03075005}"
	ProjectSection(ProjectDependencies) = postProject
		{02C7179C-1598-47A9-B351-D71649AB7994} = {02C7179C-1598-47A9-B351-D71649AB7994}
	EndProjectSection
EndProject
Project("{FAE04EC0-301F-11D3-BF4B-00C04F79EFBC}") = "Ao3TrackReader.UWP", "Ao3TrackReader\Ao3TrackReader.UWP\Ao3TrackReader.UWP.csproj", "{7999D149-34F8-45C9-9281-9E5564D1AD8B}"
	ProjectSection(ProjectDependencies) = postProject
		{02C7179C-1598-47A9-B351-D71649AB7994} = {02C7179C-1598-47A9-B351-D71649AB7994}
	EndProjectSection
EndProject
Project("{FAE04EC0-301F-11D3-BF4B-00C04F79EFBC}") = "Ao3TrackReader.Helper.UWP", "Ao3TrackReader\Ao3TrackReader.Helper.UWP\Ao3TrackReader.Helper.UWP.csproj", "{D937E5EB-E65C-4397-80AF-502C439D0470}"
EndProject
Project("{D954291E-2A0B-460D-934E-DC6B0785DB48}") = "Ao3TrackReader.Helper", "Ao3TrackReader\Ao3TrackReader.Helper\Ao3TrackReader.Helper.shproj", "{3EBADC8E-8858-4033-9066-0A14D574CFB3}"
EndProject
Project("{D954291E-2A0B-460D-934E-DC6B0785DB48}") = "Ao3TrackReader.Version", "Ao3TrackReader\Ao3TrackReader.Version\Ao3TrackReader.Version.shproj", "{09DDAED0-C67D-4FB9-9B1F-1AADB8F0C064}"
EndProject
Project("{FAE04EC0-301F-11D3-BF4B-00C04F79EFBC}") = "Ao3TrackReader.Version.Build", "Ao3TrackReader\Ao3TrackReader.Version.Build\Ao3TrackReader.Version.Build.csproj", "{02C7179C-1598-47A9-B351-D71649AB7994}"
EndProject
Project("{D954291E-2A0B-460D-934E-DC6B0785DB48}") = "Ao3TrackReader.WinRT", "Ao3TrackReader\Ao3TrackReader.WinRT\Ao3TrackReader.WinRT.shproj", "{7B291718-EB18-4E7A-B547-1FE74DF1E279}"
EndProject
Project("{D954291E-2A0B-460D-934E-DC6B0785DB48}") = "Ao3TrackReader.Helper.Messaging", "Ao3TrackReader\Ao3TrackReader.Helper.Messaging\Ao3TrackReader.Helper.Messaging.shproj", "{29356923-19E8-4AE3-B98F-F828F5033317}"
EndProject
Project("{FAE04EC0-301F-11D3-BF4B-00C04F79EFBC}") = "Ao3TrackReader.UWP.Phone", "Ao3TrackReader\Ao3TrackReader.UWP.Phone\Ao3TrackReader.UWP.Phone.csproj", "{976C2593-9C14-4289-AE54-F2BB2020BA84}"
EndProject
Project("{D954291E-2A0B-460D-934E-DC6B0785DB48}") = "Ao3TrackReader.UWP.Shared", "Ao3TrackReader\Ao3TrackReader.UWP\Ao3TrackReader.UWP.Shared.shproj", "{151EA4AB-5247-4008-9A4E-DFD2E294000F}"
EndProject
Project("{FAE04EC0-301F-11D3-BF4B-00C04F79EFBC}") = "Ao3TrackReader.Droid", "Ao3TrackReader\Ao3TrackReader.Droid\Ao3TrackReader.Droid.csproj", "{D4AA9F53-DD3A-49E1-A64A-8AFF1CE94299}"
	ProjectSection(ProjectDependencies) = postProject
		{02C7179C-1598-47A9-B351-D71649AB7994} = {02C7179C-1598-47A9-B351-D71649AB7994}
	EndProjectSection
EndProject
Global
	GlobalSection(SharedMSBuildProjectFiles) = preSolution
		Ao3TrackReader\Ao3TrackReader.Version\Ao3TrackReader.Version.projitems*{02c7179c-1598-47a9-b351-d71649ab7994}*SharedItemsImports = 4
		Ao3TrackReader\Ao3TrackReader.Version\Ao3TrackReader.Version.projitems*{09ddaed0-c67d-4fb9-9b1f-1aadb8f0c064}*SharedItemsImports = 13
		Ao3TrackReader\Ao3TrackReader.UWP\Ao3TrackReader.UWP.Shared.projitems*{151ea4ab-5247-4008-9a4e-dfd2e294000f}*SharedItemsImports = 13
		Ao3TrackReader\Ao3TrackReader.Helper.Messaging\Ao3TrackReader.Helper.Messaging.projitems*{29356923-19e8-4ae3-b98f-f828f5033317}*SharedItemsImports = 13
		Ao3TrackReader\Ao3TrackReader.Helper\Ao3TrackReader.Helper.projitems*{3ebadc8e-8858-4033-9066-0a14d574cfb3}*SharedItemsImports = 13
		Ao3TrackReader\Ao3TrackReader\Ao3TrackReader.projitems*{3febecc8-967d-4a3c-a25a-e653e734e779}*SharedItemsImports = 13
		Ao3TrackReader\Ao3TrackReader.UWP\Ao3TrackReader.UWP.Shared.projitems*{7999d149-34f8-45c9-9281-9e5564d1ad8b}*SharedItemsImports = 4
		Ao3TrackReader\Ao3TrackReader.Version\Ao3TrackReader.Version.projitems*{7999d149-34f8-45c9-9281-9e5564d1ad8b}*SharedItemsImports = 4
		Ao3TrackReader\Ao3TrackReader.WinRT\Ao3TrackReader.WinRT.projitems*{7999d149-34f8-45c9-9281-9e5564d1ad8b}*SharedItemsImports = 4
		Ao3TrackReader\Ao3TrackReader\Ao3TrackReader.projitems*{7999d149-34f8-45c9-9281-9e5564d1ad8b}*SharedItemsImports = 4
		Ao3TrackReader\Ao3TrackReader.WinRT\Ao3TrackReader.WinRT.projitems*{7b291718-eb18-4e7a-b547-1fe74df1e279}*SharedItemsImports = 13
		Ao3TrackReader\Ao3TrackReader.UWP\Ao3TrackReader.UWP.Shared.projitems*{976c2593-9c14-4289-ae54-f2bb2020ba84}*SharedItemsImports = 4
		Ao3TrackReader\Ao3TrackReader.Version\Ao3TrackReader.Version.projitems*{976c2593-9c14-4289-ae54-f2bb2020ba84}*SharedItemsImports = 4
		Ao3TrackReader\Ao3TrackReader.WinRT\Ao3TrackReader.WinRT.projitems*{976c2593-9c14-4289-ae54-f2bb2020ba84}*SharedItemsImports = 4
		Ao3TrackReader\Ao3TrackReader\Ao3TrackReader.projitems*{976c2593-9c14-4289-ae54-f2bb2020ba84}*SharedItemsImports = 4
		Ao3TrackReader\Ao3TrackReader.Helper.Messaging\Ao3TrackReader.Helper.Messaging.projitems*{b08a8cc6-dfc7-45c9-bb76-7cac03075005}*SharedItemsImports = 4
		Ao3TrackReader\Ao3TrackReader.Helper\Ao3TrackReader.Helper.projitems*{b08a8cc6-dfc7-45c9-bb76-7cac03075005}*SharedItemsImports = 4
		Ao3TrackReader\Ao3TrackReader.Version\Ao3TrackReader.Version.projitems*{b08a8cc6-dfc7-45c9-bb76-7cac03075005}*SharedItemsImports = 4
		Ao3TrackReader\Ao3TrackReader\Ao3TrackReader.projitems*{b08a8cc6-dfc7-45c9-bb76-7cac03075005}*SharedItemsImports = 4
		Ao3TrackReader\Ao3TrackReader.Helper\Ao3TrackReader.Helper.projitems*{d4aa9f53-dd3a-49e1-a64a-8aff1ce94299}*SharedItemsImports = 4
		Ao3TrackReader\Ao3TrackReader.Version\Ao3TrackReader.Version.projitems*{d4aa9f53-dd3a-49e1-a64a-8aff1ce94299}*SharedItemsImports = 4
		Ao3TrackReader\Ao3TrackReader\Ao3TrackReader.projitems*{d4aa9f53-dd3a-49e1-a64a-8aff1ce94299}*SharedItemsImports = 4
		Ao3TrackReader\Ao3TrackReader.Helper\Ao3TrackReader.Helper.projitems*{d937e5eb-e65c-4397-80af-502c439d0470}*SharedItemsImports = 4
		Ao3TrackReader\Ao3TrackReader.Version\Ao3TrackReader.Version.projitems*{d937e5eb-e65c-4397-80af-502c439d0470}*SharedItemsImports = 4
	EndGlobalSection
	GlobalSection(SolutionConfigurationPlatforms) = preSolution
		Ad-Hoc|Any CPU = Ad-Hoc|Any CPU
		Ad-Hoc|ARM = Ad-Hoc|ARM
		Ad-Hoc|x64 = Ad-Hoc|x64
		Ad-Hoc|x86 = Ad-Hoc|x86
		AppStore|Any CPU = AppStore|Any CPU
		AppStore|ARM = AppStore|ARM
		AppStore|x64 = AppStore|x64
		AppStore|x86 = AppStore|x86
		Debug|Any CPU = Debug|Any CPU
		Debug|ARM = Debug|ARM
		Debug|x64 = Debug|x64
		Debug|x86 = Debug|x86
		Release|Any CPU = Release|Any CPU
		Release|ARM = Release|ARM
		Release|x64 = Release|x64
		Release|x86 = Release|x86
	EndGlobalSection
	GlobalSection(ProjectConfigurationPlatforms) = postSolution
		{0BD8C8F9-C0E4-4841-8A2B-CA8BC2AA8BC6}.Ad-Hoc|Any CPU.ActiveCfg = Debug|x64
		{0BD8C8F9-C0E4-4841-8A2B-CA8BC2AA8BC6}.Ad-Hoc|Any CPU.Build.0 = Debug|x64
		{0BD8C8F9-C0E4-4841-8A2B-CA8BC2AA8BC6}.Ad-Hoc|ARM.ActiveCfg = Debug|x64
		{0BD8C8F9-C0E4-4841-8A2B-CA8BC2AA8BC6}.Ad-Hoc|ARM.Build.0 = Debug|x64
		{0BD8C8F9-C0E4-4841-8A2B-CA8BC2AA8BC6}.Ad-Hoc|x64.ActiveCfg = Release|x64
		{0BD8C8F9-C0E4-4841-8A2B-CA8BC2AA8BC6}.Ad-Hoc|x86.ActiveCfg = Debug|x64
		{0BD8C8F9-C0E4-4841-8A2B-CA8BC2AA8BC6}.Ad-Hoc|x86.Build.0 = Debug|x64
		{0BD8C8F9-C0E4-4841-8A2B-CA8BC2AA8BC6}.AppStore|Any CPU.ActiveCfg = Debug|x64
		{0BD8C8F9-C0E4-4841-8A2B-CA8BC2AA8BC6}.AppStore|Any CPU.Build.0 = Debug|x64
		{0BD8C8F9-C0E4-4841-8A2B-CA8BC2AA8BC6}.AppStore|ARM.ActiveCfg = Debug|x64
		{0BD8C8F9-C0E4-4841-8A2B-CA8BC2AA8BC6}.AppStore|ARM.Build.0 = Debug|x64
		{0BD8C8F9-C0E4-4841-8A2B-CA8BC2AA8BC6}.AppStore|x64.ActiveCfg = Release|x64
		{0BD8C8F9-C0E4-4841-8A2B-CA8BC2AA8BC6}.AppStore|x86.ActiveCfg = Debug|x64
		{0BD8C8F9-C0E4-4841-8A2B-CA8BC2AA8BC6}.AppStore|x86.Build.0 = Debug|x64
		{0BD8C8F9-C0E4-4841-8A2B-CA8BC2AA8BC6}.Debug|Any CPU.ActiveCfg = Debug|x64
		{0BD8C8F9-C0E4-4841-8A2B-CA8BC2AA8BC6}.Debug|ARM.ActiveCfg = Debug|x64
		{0BD8C8F9-C0E4-4841-8A2B-CA8BC2AA8BC6}.Debug|x64.ActiveCfg = Debug|x64
		{0BD8C8F9-C0E4-4841-8A2B-CA8BC2AA8BC6}.Debug|x64.Build.0 = Debug|x64
		{0BD8C8F9-C0E4-4841-8A2B-CA8BC2AA8BC6}.Debug|x86.ActiveCfg = Debug|x64
		{0BD8C8F9-C0E4-4841-8A2B-CA8BC2AA8BC6}.Release|Any CPU.ActiveCfg = Release|x64
		{0BD8C8F9-C0E4-4841-8A2B-CA8BC2AA8BC6}.Release|ARM.ActiveCfg = Release|x64
		{0BD8C8F9-C0E4-4841-8A2B-CA8BC2AA8BC6}.Release|x64.ActiveCfg = Release|x64
		{0BD8C8F9-C0E4-4841-8A2B-CA8BC2AA8BC6}.Release|x64.Build.0 = Release|x64
		{0BD8C8F9-C0E4-4841-8A2B-CA8BC2AA8BC6}.Release|x86.ActiveCfg = Release|x64
		{B08A8CC6-DFC7-45C9-BB76-7CAC03075005}.Ad-Hoc|Any CPU.ActiveCfg = Ad-Hoc|iPhone
		{B08A8CC6-DFC7-45C9-BB76-7CAC03075005}.Ad-Hoc|ARM.ActiveCfg = Ad-Hoc|iPhone
		{B08A8CC6-DFC7-45C9-BB76-7CAC03075005}.Ad-Hoc|ARM.Build.0 = Ad-Hoc|iPhone
		{B08A8CC6-DFC7-45C9-BB76-7CAC03075005}.Ad-Hoc|x64.ActiveCfg = Ad-Hoc|iPhoneSimulator
		{B08A8CC6-DFC7-45C9-BB76-7CAC03075005}.Ad-Hoc|x86.ActiveCfg = Ad-Hoc|iPhoneSimulator
		{B08A8CC6-DFC7-45C9-BB76-7CAC03075005}.AppStore|Any CPU.ActiveCfg = AppStore|iPhone
		{B08A8CC6-DFC7-45C9-BB76-7CAC03075005}.AppStore|ARM.ActiveCfg = AppStore|iPhone
		{B08A8CC6-DFC7-45C9-BB76-7CAC03075005}.AppStore|ARM.Build.0 = AppStore|iPhone
		{B08A8CC6-DFC7-45C9-BB76-7CAC03075005}.AppStore|x64.ActiveCfg = AppStore|iPhoneSimulator
		{B08A8CC6-DFC7-45C9-BB76-7CAC03075005}.AppStore|x86.ActiveCfg = AppStore|iPhoneSimulator
		{B08A8CC6-DFC7-45C9-BB76-7CAC03075005}.Debug|Any CPU.ActiveCfg = Debug|iPhone
		{B08A8CC6-DFC7-45C9-BB76-7CAC03075005}.Debug|ARM.ActiveCfg = Debug|iPhone
		{B08A8CC6-DFC7-45C9-BB76-7CAC03075005}.Debug|ARM.Build.0 = Debug|iPhone
		{B08A8CC6-DFC7-45C9-BB76-7CAC03075005}.Debug|x64.ActiveCfg = Debug|iPhoneSimulator
		{B08A8CC6-DFC7-45C9-BB76-7CAC03075005}.Debug|x64.Build.0 = Debug|iPhoneSimulator
		{B08A8CC6-DFC7-45C9-BB76-7CAC03075005}.Debug|x86.ActiveCfg = Debug|iPhoneSimulator
		{B08A8CC6-DFC7-45C9-BB76-7CAC03075005}.Debug|x86.Build.0 = Debug|iPhoneSimulator
		{B08A8CC6-DFC7-45C9-BB76-7CAC03075005}.Release|Any CPU.ActiveCfg = Release|iPhone
		{B08A8CC6-DFC7-45C9-BB76-7CAC03075005}.Release|ARM.ActiveCfg = Release|iPhone
		{B08A8CC6-DFC7-45C9-BB76-7CAC03075005}.Release|ARM.Build.0 = Release|iPhone
		{B08A8CC6-DFC7-45C9-BB76-7CAC03075005}.Release|x64.ActiveCfg = Release|iPhoneSimulator
		{B08A8CC6-DFC7-45C9-BB76-7CAC03075005}.Release|x64.Build.0 = Release|iPhoneSimulator
		{B08A8CC6-DFC7-45C9-BB76-7CAC03075005}.Release|x86.ActiveCfg = Release|iPhoneSimulator
		{B08A8CC6-DFC7-45C9-BB76-7CAC03075005}.Release|x86.Build.0 = Release|iPhoneSimulator
		{7999D149-34F8-45C9-9281-9E5564D1AD8B}.Ad-Hoc|Any CPU.ActiveCfg = Release|x86
		{7999D149-34F8-45C9-9281-9E5564D1AD8B}.Ad-Hoc|ARM.ActiveCfg = Release|ARM
		{7999D149-34F8-45C9-9281-9E5564D1AD8B}.Ad-Hoc|x64.ActiveCfg = Release|x64
		{7999D149-34F8-45C9-9281-9E5564D1AD8B}.Ad-Hoc|x86.ActiveCfg = Release|x86
		{7999D149-34F8-45C9-9281-9E5564D1AD8B}.AppStore|Any CPU.ActiveCfg = Release|x86
		{7999D149-34F8-45C9-9281-9E5564D1AD8B}.AppStore|ARM.ActiveCfg = Release|ARM
		{7999D149-34F8-45C9-9281-9E5564D1AD8B}.AppStore|x64.ActiveCfg = Release|x64
		{7999D149-34F8-45C9-9281-9E5564D1AD8B}.AppStore|x86.ActiveCfg = Release|x86
		{7999D149-34F8-45C9-9281-9E5564D1AD8B}.Debug|Any CPU.ActiveCfg = Debug|x64
		{7999D149-34F8-45C9-9281-9E5564D1AD8B}.Debug|ARM.ActiveCfg = Debug|ARM
		{7999D149-34F8-45C9-9281-9E5564D1AD8B}.Debug|ARM.Build.0 = Debug|ARM
		{7999D149-34F8-45C9-9281-9E5564D1AD8B}.Debug|ARM.Deploy.0 = Debug|ARM
		{7999D149-34F8-45C9-9281-9E5564D1AD8B}.Debug|x64.ActiveCfg = Debug|x64
		{7999D149-34F8-45C9-9281-9E5564D1AD8B}.Debug|x64.Build.0 = Debug|x64
		{7999D149-34F8-45C9-9281-9E5564D1AD8B}.Debug|x64.Deploy.0 = Debug|x64
		{7999D149-34F8-45C9-9281-9E5564D1AD8B}.Debug|x86.ActiveCfg = Debug|x86
		{7999D149-34F8-45C9-9281-9E5564D1AD8B}.Debug|x86.Build.0 = Debug|x86
		{7999D149-34F8-45C9-9281-9E5564D1AD8B}.Debug|x86.Deploy.0 = Debug|x86
		{7999D149-34F8-45C9-9281-9E5564D1AD8B}.Release|Any CPU.ActiveCfg = Release|x86
		{7999D149-34F8-45C9-9281-9E5564D1AD8B}.Release|ARM.ActiveCfg = Release|ARM
		{7999D149-34F8-45C9-9281-9E5564D1AD8B}.Release|ARM.Build.0 = Release|ARM
		{7999D149-34F8-45C9-9281-9E5564D1AD8B}.Release|ARM.Deploy.0 = Release|ARM
		{7999D149-34F8-45C9-9281-9E5564D1AD8B}.Release|x64.ActiveCfg = Release|x64
		{7999D149-34F8-45C9-9281-9E5564D1AD8B}.Release|x64.Build.0 = Release|x64
		{7999D149-34F8-45C9-9281-9E5564D1AD8B}.Release|x64.Deploy.0 = Release|x64
		{7999D149-34F8-45C9-9281-9E5564D1AD8B}.Release|x86.ActiveCfg = Release|x86
		{7999D149-34F8-45C9-9281-9E5564D1AD8B}.Release|x86.Build.0 = Release|x86
		{7999D149-34F8-45C9-9281-9E5564D1AD8B}.Release|x86.Deploy.0 = Release|x86
		{D937E5EB-E65C-4397-80AF-502C439D0470}.Ad-Hoc|Any CPU.ActiveCfg = Debug|x86
		{D937E5EB-E65C-4397-80AF-502C439D0470}.Ad-Hoc|ARM.ActiveCfg = Release|ARM
		{D937E5EB-E65C-4397-80AF-502C439D0470}.Ad-Hoc|x64.ActiveCfg = Release|x64
		{D937E5EB-E65C-4397-80AF-502C439D0470}.Ad-Hoc|x86.ActiveCfg = Release|x86
		{D937E5EB-E65C-4397-80AF-502C439D0470}.AppStore|Any CPU.ActiveCfg = Release|x86
		{D937E5EB-E65C-4397-80AF-502C439D0470}.AppStore|ARM.ActiveCfg = Release|ARM
		{D937E5EB-E65C-4397-80AF-502C439D0470}.AppStore|x64.ActiveCfg = Release|x64
		{D937E5EB-E65C-4397-80AF-502C439D0470}.AppStore|x86.ActiveCfg = Release|x86
		{D937E5EB-E65C-4397-80AF-502C439D0470}.Debug|Any CPU.ActiveCfg = Debug|x64
		{D937E5EB-E65C-4397-80AF-502C439D0470}.Debug|Any CPU.Deploy.0 = Debug|x64
		{D937E5EB-E65C-4397-80AF-502C439D0470}.Debug|ARM.ActiveCfg = Debug|ARM
		{D937E5EB-E65C-4397-80AF-502C439D0470}.Debug|ARM.Build.0 = Debug|ARM
		{D937E5EB-E65C-4397-80AF-502C439D0470}.Debug|x64.ActiveCfg = Debug|x64
		{D937E5EB-E65C-4397-80AF-502C439D0470}.Debug|x64.Build.0 = Debug|x64
		{D937E5EB-E65C-4397-80AF-502C439D0470}.Debug|x86.ActiveCfg = Debug|x86
		{D937E5EB-E65C-4397-80AF-502C439D0470}.Debug|x86.Build.0 = Debug|x86
		{D937E5EB-E65C-4397-80AF-502C439D0470}.Release|Any CPU.ActiveCfg = Release|x86
		{D937E5EB-E65C-4397-80AF-502C439D0470}.Release|ARM.ActiveCfg = Release|ARM
		{D937E5EB-E65C-4397-80AF-502C439D0470}.Release|ARM.Build.0 = Release|ARM
		{D937E5EB-E65C-4397-80AF-502C439D0470}.Release|x64.ActiveCfg = Release|x64
		{D937E5EB-E65C-4397-80AF-502C439D0470}.Release|x64.Build.0 = Release|x64
		{D937E5EB-E65C-4397-80AF-502C439D0470}.Release|x86.ActiveCfg = Release|x86
		{D937E5EB-E65C-4397-80AF-502C439D0470}.Release|x86.Build.0 = Release|x86
		{02C7179C-1598-47A9-B351-D71649AB7994}.Ad-Hoc|Any CPU.ActiveCfg = Release|Any CPU
		{02C7179C-1598-47A9-B351-D71649AB7994}.Ad-Hoc|ARM.ActiveCfg = Release|Any CPU
		{02C7179C-1598-47A9-B351-D71649AB7994}.Ad-Hoc|ARM.Build.0 = Release|Any CPU
		{02C7179C-1598-47A9-B351-D71649AB7994}.Ad-Hoc|x64.ActiveCfg = Release|Any CPU
		{02C7179C-1598-47A9-B351-D71649AB7994}.Ad-Hoc|x86.ActiveCfg = Release|Any CPU
		{02C7179C-1598-47A9-B351-D71649AB7994}.AppStore|Any CPU.ActiveCfg = Release|Any CPU
		{02C7179C-1598-47A9-B351-D71649AB7994}.AppStore|ARM.ActiveCfg = Release|Any CPU
		{02C7179C-1598-47A9-B351-D71649AB7994}.AppStore|ARM.Build.0 = Release|Any CPU
		{02C7179C-1598-47A9-B351-D71649AB7994}.AppStore|x64.ActiveCfg = Release|Any CPU
		{02C7179C-1598-47A9-B351-D71649AB7994}.AppStore|x86.ActiveCfg = Release|Any CPU
		{02C7179C-1598-47A9-B351-D71649AB7994}.Debug|Any CPU.ActiveCfg = Debug|Any CPU
		{02C7179C-1598-47A9-B351-D71649AB7994}.Debug|Any CPU.Build.0 = Debug|Any CPU
		{02C7179C-1598-47A9-B351-D71649AB7994}.Debug|ARM.ActiveCfg = Debug|Any CPU
		{02C7179C-1598-47A9-B351-D71649AB7994}.Debug|ARM.Build.0 = Debug|Any CPU
		{02C7179C-1598-47A9-B351-D71649AB7994}.Debug|x64.ActiveCfg = Debug|Any CPU
		{02C7179C-1598-47A9-B351-D71649AB7994}.Debug|x64.Build.0 = Debug|Any CPU
		{02C7179C-1598-47A9-B351-D71649AB7994}.Debug|x86.ActiveCfg = Debug|Any CPU
		{02C7179C-1598-47A9-B351-D71649AB7994}.Debug|x86.Build.0 = Debug|Any CPU
		{02C7179C-1598-47A9-B351-D71649AB7994}.Release|Any CPU.ActiveCfg = Release|Any CPU
		{02C7179C-1598-47A9-B351-D71649AB7994}.Release|Any CPU.Build.0 = Release|Any CPU
		{02C7179C-1598-47A9-B351-D71649AB7994}.Release|ARM.ActiveCfg = Release|Any CPU
		{02C7179C-1598-47A9-B351-D71649AB7994}.Release|ARM.Build.0 = Release|Any CPU
		{02C7179C-1598-47A9-B351-D71649AB7994}.Release|x64.ActiveCfg = Release|Any CPU
		{02C7179C-1598-47A9-B351-D71649AB7994}.Release|x64.Build.0 = Release|Any CPU
		{02C7179C-1598-47A9-B351-D71649AB7994}.Release|x86.ActiveCfg = Release|Any CPU
		{02C7179C-1598-47A9-B351-D71649AB7994}.Release|x86.Build.0 = Release|Any CPU
		{976C2593-9C14-4289-AE54-F2BB2020BA84}.Ad-Hoc|Any CPU.ActiveCfg = Release|x86
		{976C2593-9C14-4289-AE54-F2BB2020BA84}.Ad-Hoc|Any CPU.Build.0 = Release|x86
		{976C2593-9C14-4289-AE54-F2BB2020BA84}.Ad-Hoc|Any CPU.Deploy.0 = Release|x86
		{976C2593-9C14-4289-AE54-F2BB2020BA84}.Ad-Hoc|ARM.ActiveCfg = Release|ARM
		{976C2593-9C14-4289-AE54-F2BB2020BA84}.Ad-Hoc|ARM.Build.0 = Release|ARM
		{976C2593-9C14-4289-AE54-F2BB2020BA84}.Ad-Hoc|ARM.Deploy.0 = Release|ARM
		{976C2593-9C14-4289-AE54-F2BB2020BA84}.Ad-Hoc|x64.ActiveCfg = Debug|ARM
		{976C2593-9C14-4289-AE54-F2BB2020BA84}.Ad-Hoc|x64.Build.0 = Debug|ARM
		{976C2593-9C14-4289-AE54-F2BB2020BA84}.Ad-Hoc|x64.Deploy.0 = Debug|ARM
		{976C2593-9C14-4289-AE54-F2BB2020BA84}.Ad-Hoc|x86.ActiveCfg = Release|x86
		{976C2593-9C14-4289-AE54-F2BB2020BA84}.Ad-Hoc|x86.Build.0 = Release|x86
		{976C2593-9C14-4289-AE54-F2BB2020BA84}.Ad-Hoc|x86.Deploy.0 = Release|x86
		{976C2593-9C14-4289-AE54-F2BB2020BA84}.AppStore|Any CPU.ActiveCfg = Release|x86
		{976C2593-9C14-4289-AE54-F2BB2020BA84}.AppStore|Any CPU.Build.0 = Release|x86
		{976C2593-9C14-4289-AE54-F2BB2020BA84}.AppStore|Any CPU.Deploy.0 = Release|x86
		{976C2593-9C14-4289-AE54-F2BB2020BA84}.AppStore|ARM.ActiveCfg = Release|ARM
		{976C2593-9C14-4289-AE54-F2BB2020BA84}.AppStore|ARM.Build.0 = Release|ARM
		{976C2593-9C14-4289-AE54-F2BB2020BA84}.AppStore|ARM.Deploy.0 = Release|ARM
		{976C2593-9C14-4289-AE54-F2BB2020BA84}.AppStore|x64.ActiveCfg = Debug|ARM
		{976C2593-9C14-4289-AE54-F2BB2020BA84}.AppStore|x64.Build.0 = Debug|ARM
		{976C2593-9C14-4289-AE54-F2BB2020BA84}.AppStore|x64.Deploy.0 = Debug|ARM
		{976C2593-9C14-4289-AE54-F2BB2020BA84}.AppStore|x86.ActiveCfg = Release|x86
		{976C2593-9C14-4289-AE54-F2BB2020BA84}.AppStore|x86.Build.0 = Release|x86
		{976C2593-9C14-4289-AE54-F2BB2020BA84}.AppStore|x86.Deploy.0 = Release|x86
		{976C2593-9C14-4289-AE54-F2BB2020BA84}.Debug|Any CPU.ActiveCfg = Debug|x86
		{976C2593-9C14-4289-AE54-F2BB2020BA84}.Debug|ARM.ActiveCfg = Debug|ARM
		{976C2593-9C14-4289-AE54-F2BB2020BA84}.Debug|ARM.Build.0 = Debug|ARM
		{976C2593-9C14-4289-AE54-F2BB2020BA84}.Debug|ARM.Deploy.0 = Debug|ARM
		{976C2593-9C14-4289-AE54-F2BB2020BA84}.Debug|x64.ActiveCfg = Debug|ARM
		{976C2593-9C14-4289-AE54-F2BB2020BA84}.Debug|x86.ActiveCfg = Debug|x86
		{976C2593-9C14-4289-AE54-F2BB2020BA84}.Debug|x86.Build.0 = Debug|x86
		{976C2593-9C14-4289-AE54-F2BB2020BA84}.Debug|x86.Deploy.0 = Debug|x86
		{976C2593-9C14-4289-AE54-F2BB2020BA84}.Release|Any CPU.ActiveCfg = Release|x86
		{976C2593-9C14-4289-AE54-F2BB2020BA84}.Release|ARM.ActiveCfg = Release|ARM
		{976C2593-9C14-4289-AE54-F2BB2020BA84}.Release|ARM.Build.0 = Release|ARM
		{976C2593-9C14-4289-AE54-F2BB2020BA84}.Release|ARM.Deploy.0 = Release|ARM
		{976C2593-9C14-4289-AE54-F2BB2020BA84}.Release|x64.ActiveCfg = Release|x86
		{976C2593-9C14-4289-AE54-F2BB2020BA84}.Release|x86.ActiveCfg = Release|x86
		{D4AA9F53-DD3A-49E1-A64A-8AFF1CE94299}.Ad-Hoc|Any CPU.ActiveCfg = Release|Any CPU
		{D4AA9F53-DD3A-49E1-A64A-8AFF1CE94299}.Ad-Hoc|Any CPU.Build.0 = Release|Any CPU
		{D4AA9F53-DD3A-49E1-A64A-8AFF1CE94299}.Ad-Hoc|Any CPU.Deploy.0 = Release|Any CPU
		{D4AA9F53-DD3A-49E1-A64A-8AFF1CE94299}.Ad-Hoc|ARM.ActiveCfg = Release|Any CPU
		{D4AA9F53-DD3A-49E1-A64A-8AFF1CE94299}.Ad-Hoc|ARM.Build.0 = Release|Any CPU
		{D4AA9F53-DD3A-49E1-A64A-8AFF1CE94299}.Ad-Hoc|ARM.Deploy.0 = Release|Any CPU
		{D4AA9F53-DD3A-49E1-A64A-8AFF1CE94299}.Ad-Hoc|x64.ActiveCfg = Release|Any CPU
		{D4AA9F53-DD3A-49E1-A64A-8AFF1CE94299}.Ad-Hoc|x64.Build.0 = Release|Any CPU
		{D4AA9F53-DD3A-49E1-A64A-8AFF1CE94299}.Ad-Hoc|x64.Deploy.0 = Release|Any CPU
		{D4AA9F53-DD3A-49E1-A64A-8AFF1CE94299}.Ad-Hoc|x86.ActiveCfg = Release|Any CPU
		{D4AA9F53-DD3A-49E1-A64A-8AFF1CE94299}.Ad-Hoc|x86.Build.0 = Release|Any CPU
		{D4AA9F53-DD3A-49E1-A64A-8AFF1CE94299}.Ad-Hoc|x86.Deploy.0 = Release|Any CPU
		{D4AA9F53-DD3A-49E1-A64A-8AFF1CE94299}.AppStore|Any CPU.ActiveCfg = Release|Any CPU
		{D4AA9F53-DD3A-49E1-A64A-8AFF1CE94299}.AppStore|Any CPU.Build.0 = Release|Any CPU
		{D4AA9F53-DD3A-49E1-A64A-8AFF1CE94299}.AppStore|Any CPU.Deploy.0 = Release|Any CPU
		{D4AA9F53-DD3A-49E1-A64A-8AFF1CE94299}.AppStore|ARM.ActiveCfg = Release|Any CPU
		{D4AA9F53-DD3A-49E1-A64A-8AFF1CE94299}.AppStore|ARM.Build.0 = Release|Any CPU
		{D4AA9F53-DD3A-49E1-A64A-8AFF1CE94299}.AppStore|ARM.Deploy.0 = Release|Any CPU
		{D4AA9F53-DD3A-49E1-A64A-8AFF1CE94299}.AppStore|x64.ActiveCfg = Release|Any CPU
		{D4AA9F53-DD3A-49E1-A64A-8AFF1CE94299}.AppStore|x64.Build.0 = Release|Any CPU
		{D4AA9F53-DD3A-49E1-A64A-8AFF1CE94299}.AppStore|x64.Deploy.0 = Release|Any CPU
		{D4AA9F53-DD3A-49E1-A64A-8AFF1CE94299}.AppStore|x86.ActiveCfg = Release|Any CPU
		{D4AA9F53-DD3A-49E1-A64A-8AFF1CE94299}.AppStore|x86.Build.0 = Release|Any CPU
		{D4AA9F53-DD3A-49E1-A64A-8AFF1CE94299}.AppStore|x86.Deploy.0 = Release|Any CPU
		{D4AA9F53-DD3A-49E1-A64A-8AFF1CE94299}.Debug|Any CPU.ActiveCfg = Debug|Any CPU
		{D4AA9F53-DD3A-49E1-A64A-8AFF1CE94299}.Debug|Any CPU.Build.0 = Debug|Any CPU
		{D4AA9F53-DD3A-49E1-A64A-8AFF1CE94299}.Debug|Any CPU.Deploy.0 = Debug|Any CPU
		{D4AA9F53-DD3A-49E1-A64A-8AFF1CE94299}.Debug|ARM.ActiveCfg = Debug|Any CPU
		{D4AA9F53-DD3A-49E1-A64A-8AFF1CE94299}.Debug|ARM.Build.0 = Debug|Any CPU
		{D4AA9F53-DD3A-49E1-A64A-8AFF1CE94299}.Debug|ARM.Deploy.0 = Debug|Any CPU
		{D4AA9F53-DD3A-49E1-A64A-8AFF1CE94299}.Debug|x64.ActiveCfg = Debug|Any CPU
		{D4AA9F53-DD3A-49E1-A64A-8AFF1CE94299}.Debug|x64.Build.0 = Debug|Any CPU
		{D4AA9F53-DD3A-49E1-A64A-8AFF1CE94299}.Debug|x64.Deploy.0 = Debug|Any CPU
		{D4AA9F53-DD3A-49E1-A64A-8AFF1CE94299}.Debug|x86.ActiveCfg = Debug|Any CPU
		{D4AA9F53-DD3A-49E1-A64A-8AFF1CE94299}.Debug|x86.Build.0 = Debug|Any CPU
		{D4AA9F53-DD3A-49E1-A64A-8AFF1CE94299}.Debug|x86.Deploy.0 = Debug|Any CPU
		{D4AA9F53-DD3A-49E1-A64A-8AFF1CE94299}.Release|Any CPU.ActiveCfg = Release|Any CPU
		{D4AA9F53-DD3A-49E1-A64A-8AFF1CE94299}.Release|Any CPU.Build.0 = Release|Any CPU
		{D4AA9F53-DD3A-49E1-A64A-8AFF1CE94299}.Release|Any CPU.Deploy.0 = Release|Any CPU
		{D4AA9F53-DD3A-49E1-A64A-8AFF1CE94299}.Release|ARM.ActiveCfg = Release|Any CPU
		{D4AA9F53-DD3A-49E1-A64A-8AFF1CE94299}.Release|ARM.Build.0 = Release|Any CPU
		{D4AA9F53-DD3A-49E1-A64A-8AFF1CE94299}.Release|ARM.Deploy.0 = Release|Any CPU
		{D4AA9F53-DD3A-49E1-A64A-8AFF1CE94299}.Release|x64.ActiveCfg = Release|Any CPU
		{D4AA9F53-DD3A-49E1-A64A-8AFF1CE94299}.Release|x64.Build.0 = Release|Any CPU
		{D4AA9F53-DD3A-49E1-A64A-8AFF1CE94299}.Release|x64.Deploy.0 = Release|Any CPU
		{D4AA9F53-DD3A-49E1-A64A-8AFF1CE94299}.Release|x86.ActiveCfg = Release|Any CPU
		{D4AA9F53-DD3A-49E1-A64A-8AFF1CE94299}.Release|x86.Build.0 = Release|Any CPU
		{D4AA9F53-DD3A-49E1-A64A-8AFF1CE94299}.Release|x86.Deploy.0 = Release|Any CPU
	EndGlobalSection
	GlobalSection(SolutionProperties) = preSolution
		HideSolutionNode = FALSE
	EndGlobalSection
	GlobalSection(ExtensibilityGlobals) = postSolution
		SolutionGuid = {F37A3C83-0A22-4EA1-B325-D24583CDDB6A}
	EndGlobalSection
EndGlobal
